
Microsoft Visual Studio Solution File, Format Version 12.00
# Visual Studio Version 16
VisualStudioVersion = 16.0.31005.135
MinimumVisualStudioVersion = 10.0.40219.1
Project("{FAE04EC0-301F-11D3-BF4B-00C04F79EFBC}") = "WCFTest.FirstService", "WCFTest.FirstService.csproj", "{F6FEF926-BE05-409A-B73D-321CBA5816EE}"
EndProject
Global
	GlobalSection(SolutionConfigurationPlatforms) = preSolution
		Debug|Any CPU = Debug|Any CPU
		Release|Any CPU = Release|Any CPU
	EndGlobalSection
	GlobalSection(ProjectConfigurationPlatforms) = postSolution
		{F6FEF926-BE05-409A-B73D-321CBA5816EE}.Debug|Any CPU.ActiveCfg = Debug|Any CPU
		{F6FEF926-BE05-409A-B73D-321CBA5816EE}.Debug|Any CPU.Build.0 = Debug|Any CPU
		{F6FEF926-BE05-409A-B73D-321CBA5816EE}.Release|Any CPU.ActiveCfg = Release|Any CPU
		{F6FEF926-BE05-409A-B73D-321CBA5816EE}.Release|Any CPU.Build.0 = Release|Any CPU
	EndGlobalSection
	GlobalSection(SolutionProperties) = preSolution
		HideSolutionNode = FALSE
	EndGlobalSection
	GlobalSection(ExtensibilityGlobals) = postSolution
		SolutionGuid = {E68AF70F-63C3-4E5C-87C5-F1A7E96C040C}
	EndGlobalSection
EndGlobal
